// !$*UTF8*$!
{
	archiveVersion = 1;
	classes = {
	};
	objectVersion = 56;
	objects = {

/* Begin PBXBuildFile section */
		0842916D99B5ABD7D626B810 /* Pods_MyNotes.framework in Frameworks */ = {isa = PBXBuildFile; fileRef = 494EF2638093DAA4CFA90264 /* Pods_MyNotes.framework */; };
		7C3280CA2A1467C9008B2BCE /* FloatingActionButton.swift in Sources */ = {isa = PBXBuildFile; fileRef = 7C3280C92A1467C9008B2BCE /* FloatingActionButton.swift */; };
		7C3786152A26C91100FB6AE8 /* QrScannerView.swift in Sources */ = {isa = PBXBuildFile; fileRef = 7C3786142A26C91100FB6AE8 /* QrScannerView.swift */; };
		7C43680F2A2D6ADB00517077 /* TextEditorUsingUikit.swift in Sources */ = {isa = PBXBuildFile; fileRef = 7C43680E2A2D6ADB00517077 /* TextEditorUsingUikit.swift */; };
		7C461E682A0DCE570048BC9B /* CustomTextField.swift in Sources */ = {isa = PBXBuildFile; fileRef = 7C461E672A0DCE570048BC9B /* CustomTextField.swift */; };
		7C461E6A2A0DDC7F0048BC9B /* CustomSecureField.swift in Sources */ = {isa = PBXBuildFile; fileRef = 7C461E692A0DDC7F0048BC9B /* CustomSecureField.swift */; };
		7C461E6D2A0DEB590048BC9B /* Validators.swift in Sources */ = {isa = PBXBuildFile; fileRef = 7C461E6C2A0DEB590048BC9B /* Validators.swift */; };
		7C461E702A1063800048BC9B /* GoogleService-Info.plist in Resources */ = {isa = PBXBuildFile; fileRef = 7C461E6F2A1063800048BC9B /* GoogleService-Info.plist */; };
		7C461E752A1065920048BC9B /* AuthViewModel.swift in Sources */ = {isa = PBXBuildFile; fileRef = 7C461E742A1065920048BC9B /* AuthViewModel.swift */; };
		7C461E782A10D6E80048BC9B /* MyNotesView.swift in Sources */ = {isa = PBXBuildFile; fileRef = 7C461E772A10D6E80048BC9B /* MyNotesView.swift */; };
		7C5579EC2A2F1B35008B6A0E /* ActivityIndicatorUikit.swift in Sources */ = {isa = PBXBuildFile; fileRef = 7C5579EB2A2F1B35008B6A0E /* ActivityIndicatorUikit.swift */; };
		7C7E11D62A274CDF008E57CE /* CameraView.swift in Sources */ = {isa = PBXBuildFile; fileRef = 7C7E11D52A274CDF008E57CE /* CameraView.swift */; };
		7C7E11D82A2769E3008E57CE /* QrScannerDelegate.swift in Sources */ = {isa = PBXBuildFile; fileRef = 7C7E11D72A2769E3008E57CE /* QrScannerDelegate.swift */; };
		7CB3B0D92A2AC32E00A57BDF /* LocaleViewModel.swift in Sources */ = {isa = PBXBuildFile; fileRef = 7CB3B0D82A2AC32E00A57BDF /* LocaleViewModel.swift */; };
		7CB3B0DC2A2AC38100A57BDF /* MyNotesLocale.swift in Sources */ = {isa = PBXBuildFile; fileRef = 7CB3B0DB2A2AC38100A57BDF /* MyNotesLocale.swift */; };
		7CC41F802A2B8FCC004ACE3E /* AuthViewModelTests.swift in Sources */ = {isa = PBXBuildFile; fileRef = 7CC41F7F2A2B8FCC004ACE3E /* AuthViewModelTests.swift */; };
		7CD1EACE2A0B41A0006202D0 /* MyNotesApp.swift in Sources */ = {isa = PBXBuildFile; fileRef = 7CD1EACD2A0B41A0006202D0 /* MyNotesApp.swift */; };
		7CD1EAD02A0B41A0006202D0 /* LoginView.swift in Sources */ = {isa = PBXBuildFile; fileRef = 7CD1EACF2A0B41A0006202D0 /* LoginView.swift */; };
		7CD1EAD22A0B41A1006202D0 /* Assets.xcassets in Resources */ = {isa = PBXBuildFile; fileRef = 7CD1EAD12A0B41A1006202D0 /* Assets.xcassets */; };
		7CD1EAD52A0B41A1006202D0 /* Preview Assets.xcassets in Resources */ = {isa = PBXBuildFile; fileRef = 7CD1EAD42A0B41A1006202D0 /* Preview Assets.xcassets */; };
		7CD1EADF2A0B41A2006202D0 /* MyNotesTests.swift in Sources */ = {isa = PBXBuildFile; fileRef = 7CD1EADE2A0B41A2006202D0 /* MyNotesTests.swift */; };
		7CD1EAE92A0B41A2006202D0 /* MyNotesUITests.swift in Sources */ = {isa = PBXBuildFile; fileRef = 7CD1EAE82A0B41A2006202D0 /* MyNotesUITests.swift */; };
		7CD1EAEB2A0B41A2006202D0 /* MyNotesUITestsLaunchTests.swift in Sources */ = {isa = PBXBuildFile; fileRef = 7CD1EAEA2A0B41A2006202D0 /* MyNotesUITestsLaunchTests.swift */; };
		7CDBBAEC2A17A80A005024D0 /* AddNotesView.swift in Sources */ = {isa = PBXBuildFile; fileRef = 7CDBBAEB2A17A80A005024D0 /* AddNotesView.swift */; };
		7CDBBAEE2A17C6A4005024D0 /* CustomTextEditor.swift in Sources */ = {isa = PBXBuildFile; fileRef = 7CDBBAED2A17C6A4005024D0 /* CustomTextEditor.swift */; };
		7CDBBAF02A17CBF1005024D0 /* ShowProgressView.swift in Sources */ = {isa = PBXBuildFile; fileRef = 7CDBBAEF2A17CBF1005024D0 /* ShowProgressView.swift */; };
		7CDCC9CB2A2EB1D900B87063 /* AppDelegate.swift in Sources */ = {isa = PBXBuildFile; fileRef = 7CDCC9CA2A2EB1D900B87063 /* AppDelegate.swift */; };
		7CDCC9CD2A2EB1E500B87063 /* SceneDelegate.swift in Sources */ = {isa = PBXBuildFile; fileRef = 7CDCC9CC2A2EB1E500B87063 /* SceneDelegate.swift */; };
		7CFF22ED2A1301DB0066DCCC /* DataViewModel.swift in Sources */ = {isa = PBXBuildFile; fileRef = 7CFF22EC2A1301DB0066DCCC /* DataViewModel.swift */; };
		7CFF22F02A1304EC0066DCCC /* NotesModel.swift in Sources */ = {isa = PBXBuildFile; fileRef = 7CFF22EF2A1304EC0066DCCC /* NotesModel.swift */; };
		7CFF883E2A1124EA00EAD9A7 /* RegisterUiView.swift in Sources */ = {isa = PBXBuildFile; fileRef = 7CFF883D2A1124EA00EAD9A7 /* RegisterUiView.swift */; };
		83A4E0856C1463EF172365FB /* Pods_MyNotes_MyNotesUITests.framework in Frameworks */ = {isa = PBXBuildFile; fileRef = 50E727FEC48B34079469ACDE /* Pods_MyNotes_MyNotesUITests.framework */; };
		C334F4D479307E36B440A5C5 /* Pods_MyNotesTests.framework in Frameworks */ = {isa = PBXBuildFile; fileRef = C4C17B9F8AAE57C9F6B73C64 /* Pods_MyNotesTests.framework */; };
/* End PBXBuildFile section */

/* Begin PBXContainerItemProxy section */
		7CD1EADB2A0B41A2006202D0 /* PBXContainerItemProxy */ = {
			isa = PBXContainerItemProxy;
			containerPortal = 7CD1EAC22A0B41A0006202D0 /* Project object */;
			proxyType = 1;
			remoteGlobalIDString = 7CD1EAC92A0B41A0006202D0;
			remoteInfo = MyNotes;
		};
		7CD1EAE52A0B41A2006202D0 /* PBXContainerItemProxy */ = {
			isa = PBXContainerItemProxy;
			containerPortal = 7CD1EAC22A0B41A0006202D0 /* Project object */;
			proxyType = 1;
			remoteGlobalIDString = 7CD1EAC92A0B41A0006202D0;
			remoteInfo = MyNotes;
		};
/* End PBXContainerItemProxy section */

/* Begin PBXFileReference section */
		494EF2638093DAA4CFA90264 /* Pods_MyNotes.framework */ = {isa = PBXFileReference; explicitFileType = wrapper.framework; includeInIndex = 0; path = Pods_MyNotes.framework; sourceTree = BUILT_PRODUCTS_DIR; };
		50E727FEC48B34079469ACDE /* Pods_MyNotes_MyNotesUITests.framework */ = {isa = PBXFileReference; explicitFileType = wrapper.framework; includeInIndex = 0; path = Pods_MyNotes_MyNotesUITests.framework; sourceTree = BUILT_PRODUCTS_DIR; };
		676E5DECF00B19576B869D2F /* Pods-MyNotes-MyNotesUITests.release.xcconfig */ = {isa = PBXFileReference; includeInIndex = 1; lastKnownFileType = text.xcconfig; name = "Pods-MyNotes-MyNotesUITests.release.xcconfig"; path = "Target Support Files/Pods-MyNotes-MyNotesUITests/Pods-MyNotes-MyNotesUITests.release.xcconfig"; sourceTree = "<group>"; };
		7C3280C92A1467C9008B2BCE /* FloatingActionButton.swift */ = {isa = PBXFileReference; lastKnownFileType = sourcecode.swift; path = FloatingActionButton.swift; sourceTree = "<group>"; };
		7C3786142A26C91100FB6AE8 /* QrScannerView.swift */ = {isa = PBXFileReference; lastKnownFileType = sourcecode.swift; path = QrScannerView.swift; sourceTree = "<group>"; };
		7C43680E2A2D6ADB00517077 /* TextEditorUsingUikit.swift */ = {isa = PBXFileReference; lastKnownFileType = sourcecode.swift; path = TextEditorUsingUikit.swift; sourceTree = "<group>"; };
		7C461E672A0DCE570048BC9B /* CustomTextField.swift */ = {isa = PBXFileReference; lastKnownFileType = sourcecode.swift; path = CustomTextField.swift; sourceTree = "<group>"; };
		7C461E692A0DDC7F0048BC9B /* CustomSecureField.swift */ = {isa = PBXFileReference; lastKnownFileType = sourcecode.swift; path = CustomSecureField.swift; sourceTree = "<group>"; };
		7C461E6C2A0DEB590048BC9B /* Validators.swift */ = {isa = PBXFileReference; lastKnownFileType = sourcecode.swift; path = Validators.swift; sourceTree = "<group>"; };
		7C461E6F2A1063800048BC9B /* GoogleService-Info.plist */ = {isa = PBXFileReference; fileEncoding = 4; lastKnownFileType = text.plist.xml; path = "GoogleService-Info.plist"; sourceTree = "<group>"; };
		7C461E742A1065920048BC9B /* AuthViewModel.swift */ = {isa = PBXFileReference; lastKnownFileType = sourcecode.swift; path = AuthViewModel.swift; sourceTree = "<group>"; };
		7C461E772A10D6E80048BC9B /* MyNotesView.swift */ = {isa = PBXFileReference; lastKnownFileType = sourcecode.swift; path = MyNotesView.swift; sourceTree = "<group>"; };
		7C5579EB2A2F1B35008B6A0E /* ActivityIndicatorUikit.swift */ = {isa = PBXFileReference; lastKnownFileType = sourcecode.swift; path = ActivityIndicatorUikit.swift; sourceTree = "<group>"; };
		7C7E11D52A274CDF008E57CE /* CameraView.swift */ = {isa = PBXFileReference; lastKnownFileType = sourcecode.swift; path = CameraView.swift; sourceTree = "<group>"; };
		7C7E11D72A2769E3008E57CE /* QrScannerDelegate.swift */ = {isa = PBXFileReference; lastKnownFileType = sourcecode.swift; path = QrScannerDelegate.swift; sourceTree = "<group>"; };
		7CB3B0D82A2AC32E00A57BDF /* LocaleViewModel.swift */ = {isa = PBXFileReference; lastKnownFileType = sourcecode.swift; path = LocaleViewModel.swift; sourceTree = "<group>"; };
		7CB3B0DB2A2AC38100A57BDF /* MyNotesLocale.swift */ = {isa = PBXFileReference; lastKnownFileType = sourcecode.swift; path = MyNotesLocale.swift; sourceTree = "<group>"; };
		7CC41F7F2A2B8FCC004ACE3E /* AuthViewModelTests.swift */ = {isa = PBXFileReference; lastKnownFileType = sourcecode.swift; path = AuthViewModelTests.swift; sourceTree = "<group>"; };
		7CD1EACA2A0B41A0006202D0 /* MyNotes.app */ = {isa = PBXFileReference; explicitFileType = wrapper.application; includeInIndex = 0; path = MyNotes.app; sourceTree = BUILT_PRODUCTS_DIR; };
		7CD1EACD2A0B41A0006202D0 /* MyNotesApp.swift */ = {isa = PBXFileReference; lastKnownFileType = sourcecode.swift; path = MyNotesApp.swift; sourceTree = "<group>"; };
		7CD1EACF2A0B41A0006202D0 /* LoginView.swift */ = {isa = PBXFileReference; lastKnownFileType = sourcecode.swift; path = LoginView.swift; sourceTree = "<group>"; };
		7CD1EAD12A0B41A1006202D0 /* Assets.xcassets */ = {isa = PBXFileReference; lastKnownFileType = folder.assetcatalog; path = Assets.xcassets; sourceTree = "<group>"; };
		7CD1EAD42A0B41A1006202D0 /* Preview Assets.xcassets */ = {isa = PBXFileReference; lastKnownFileType = folder.assetcatalog; path = "Preview Assets.xcassets"; sourceTree = "<group>"; };
		7CD1EADA2A0B41A2006202D0 /* MyNotesTests.xctest */ = {isa = PBXFileReference; explicitFileType = wrapper.cfbundle; includeInIndex = 0; path = MyNotesTests.xctest; sourceTree = BUILT_PRODUCTS_DIR; };
		7CD1EADE2A0B41A2006202D0 /* MyNotesTests.swift */ = {isa = PBXFileReference; lastKnownFileType = sourcecode.swift; path = MyNotesTests.swift; sourceTree = "<group>"; };
		7CD1EAE42A0B41A2006202D0 /* MyNotesUITests.xctest */ = {isa = PBXFileReference; explicitFileType = wrapper.cfbundle; includeInIndex = 0; path = MyNotesUITests.xctest; sourceTree = BUILT_PRODUCTS_DIR; };
		7CD1EAE82A0B41A2006202D0 /* MyNotesUITests.swift */ = {isa = PBXFileReference; lastKnownFileType = sourcecode.swift; path = MyNotesUITests.swift; sourceTree = "<group>"; };
		7CD1EAEA2A0B41A2006202D0 /* MyNotesUITestsLaunchTests.swift */ = {isa = PBXFileReference; lastKnownFileType = sourcecode.swift; path = MyNotesUITestsLaunchTests.swift; sourceTree = "<group>"; };
		7CDBBAEB2A17A80A005024D0 /* AddNotesView.swift */ = {isa = PBXFileReference; lastKnownFileType = sourcecode.swift; path = AddNotesView.swift; sourceTree = "<group>"; };
		7CDBBAED2A17C6A4005024D0 /* CustomTextEditor.swift */ = {isa = PBXFileReference; lastKnownFileType = sourcecode.swift; path = CustomTextEditor.swift; sourceTree = "<group>"; };
		7CDBBAEF2A17CBF1005024D0 /* ShowProgressView.swift */ = {isa = PBXFileReference; lastKnownFileType = sourcecode.swift; path = ShowProgressView.swift; sourceTree = "<group>"; };
		7CDCC9CA2A2EB1D900B87063 /* AppDelegate.swift */ = {isa = PBXFileReference; lastKnownFileType = sourcecode.swift; path = AppDelegate.swift; sourceTree = "<group>"; };
		7CDCC9CC2A2EB1E500B87063 /* SceneDelegate.swift */ = {isa = PBXFileReference; lastKnownFileType = sourcecode.swift; path = SceneDelegate.swift; sourceTree = "<group>"; };
		7CFF22EC2A1301DB0066DCCC /* DataViewModel.swift */ = {isa = PBXFileReference; lastKnownFileType = sourcecode.swift; path = DataViewModel.swift; sourceTree = "<group>"; };
		7CFF22EF2A1304EC0066DCCC /* NotesModel.swift */ = {isa = PBXFileReference; lastKnownFileType = sourcecode.swift; path = NotesModel.swift; sourceTree = "<group>"; };
		7CFF883D2A1124EA00EAD9A7 /* RegisterUiView.swift */ = {isa = PBXFileReference; lastKnownFileType = sourcecode.swift; path = RegisterUiView.swift; sourceTree = "<group>"; };
		81D921EBCBDD1EB2E9519DEA /* Pods-MyNotesTests.debug.xcconfig */ = {isa = PBXFileReference; includeInIndex = 1; lastKnownFileType = text.xcconfig; name = "Pods-MyNotesTests.debug.xcconfig"; path = "Target Support Files/Pods-MyNotesTests/Pods-MyNotesTests.debug.xcconfig"; sourceTree = "<group>"; };
		94D1546E660E5B406F32F5E6 /* Pods-MyNotesTests.release.xcconfig */ = {isa = PBXFileReference; includeInIndex = 1; lastKnownFileType = text.xcconfig; name = "Pods-MyNotesTests.release.xcconfig"; path = "Target Support Files/Pods-MyNotesTests/Pods-MyNotesTests.release.xcconfig"; sourceTree = "<group>"; };
		C4C17B9F8AAE57C9F6B73C64 /* Pods_MyNotesTests.framework */ = {isa = PBXFileReference; explicitFileType = wrapper.framework; includeInIndex = 0; path = Pods_MyNotesTests.framework; sourceTree = BUILT_PRODUCTS_DIR; };
		CE69E7CF01B4FE4ACF3F4901 /* Pods-MyNotes.debug.xcconfig */ = {isa = PBXFileReference; includeInIndex = 1; lastKnownFileType = text.xcconfig; name = "Pods-MyNotes.debug.xcconfig"; path = "Target Support Files/Pods-MyNotes/Pods-MyNotes.debug.xcconfig"; sourceTree = "<group>"; };
		D9A37708943EE17DD804ABFA /* Pods-MyNotes.release.xcconfig */ = {isa = PBXFileReference; includeInIndex = 1; lastKnownFileType = text.xcconfig; name = "Pods-MyNotes.release.xcconfig"; path = "Target Support Files/Pods-MyNotes/Pods-MyNotes.release.xcconfig"; sourceTree = "<group>"; };
		F0E8B3FB7FF43F1892781B7C /* Pods-MyNotes-MyNotesUITests.debug.xcconfig */ = {isa = PBXFileReference; includeInIndex = 1; lastKnownFileType = text.xcconfig; name = "Pods-MyNotes-MyNotesUITests.debug.xcconfig"; path = "Target Support Files/Pods-MyNotes-MyNotesUITests/Pods-MyNotes-MyNotesUITests.debug.xcconfig"; sourceTree = "<group>"; };
/* End PBXFileReference section */

/* Begin PBXFrameworksBuildPhase section */
		7CD1EAC72A0B41A0006202D0 /* Frameworks */ = {
			isa = PBXFrameworksBuildPhase;
			buildActionMask = 2147483647;
			files = (
				0842916D99B5ABD7D626B810 /* Pods_MyNotes.framework in Frameworks */,
			);
			runOnlyForDeploymentPostprocessing = 0;
		};
		7CD1EAD72A0B41A2006202D0 /* Frameworks */ = {
			isa = PBXFrameworksBuildPhase;
			buildActionMask = 2147483647;
			files = (
				C334F4D479307E36B440A5C5 /* Pods_MyNotesTests.framework in Frameworks */,
			);
			runOnlyForDeploymentPostprocessing = 0;
		};
		7CD1EAE12A0B41A2006202D0 /* Frameworks */ = {
			isa = PBXFrameworksBuildPhase;
			buildActionMask = 2147483647;
			files = (
				83A4E0856C1463EF172365FB /* Pods_MyNotes_MyNotesUITests.framework in Frameworks */,
			);
			runOnlyForDeploymentPostprocessing = 0;
		};
/* End PBXFrameworksBuildPhase section */

/* Begin PBXGroup section */
		4AEEA6BE92991206B3A37FA1 /* Pods */ = {
			isa = PBXGroup;
			children = (
				CE69E7CF01B4FE4ACF3F4901 /* Pods-MyNotes.debug.xcconfig */,
				D9A37708943EE17DD804ABFA /* Pods-MyNotes.release.xcconfig */,
				F0E8B3FB7FF43F1892781B7C /* Pods-MyNotes-MyNotesUITests.debug.xcconfig */,
				676E5DECF00B19576B869D2F /* Pods-MyNotes-MyNotesUITests.release.xcconfig */,
				81D921EBCBDD1EB2E9519DEA /* Pods-MyNotesTests.debug.xcconfig */,
				94D1546E660E5B406F32F5E6 /* Pods-MyNotesTests.release.xcconfig */,
			);
			path = Pods;
			sourceTree = "<group>";
		};
		7C3786112A26C84E00FB6AE8 /* QrScanner */ = {
			isa = PBXGroup;
			children = (
				7C3786142A26C91100FB6AE8 /* QrScannerView.swift */,
				7C7E11D52A274CDF008E57CE /* CameraView.swift */,
				7C7E11D72A2769E3008E57CE /* QrScannerDelegate.swift */,
			);
			path = QrScanner;
			sourceTree = "<group>";
		};
		7C461E662A0DCE420048BC9B /* CustomViews */ = {
			isa = PBXGroup;
			children = (
				7C461E672A0DCE570048BC9B /* CustomTextField.swift */,
				7C461E692A0DDC7F0048BC9B /* CustomSecureField.swift */,
				7C3280C92A1467C9008B2BCE /* FloatingActionButton.swift */,
				7CDBBAED2A17C6A4005024D0 /* CustomTextEditor.swift */,
				7C43680E2A2D6ADB00517077 /* TextEditorUsingUikit.swift */,
				7C5579EB2A2F1B35008B6A0E /* ActivityIndicatorUikit.swift */,
			);
			path = CustomViews;
			sourceTree = "<group>";
		};
		7C461E6B2A0DEB400048BC9B /* Utils */ = {
			isa = PBXGroup;
			children = (
				7C461E6C2A0DEB590048BC9B /* Validators.swift */,
				7CDBBAEF2A17CBF1005024D0 /* ShowProgressView.swift */,
			);
			path = Utils;
			sourceTree = "<group>";
		};
		7C461E6E2A10606B0048BC9B /* ViewModel */ = {
			isa = PBXGroup;
			children = (
				7C461E742A1065920048BC9B /* AuthViewModel.swift */,
				7CFF22EC2A1301DB0066DCCC /* DataViewModel.swift */,
				7CB3B0D82A2AC32E00A57BDF /* LocaleViewModel.swift */,
			);
			path = ViewModel;
			sourceTree = "<group>";
		};
		7C461E762A10D6D60048BC9B /* MyNotesView */ = {
			isa = PBXGroup;
			children = (
				7C461E772A10D6E80048BC9B /* MyNotesView.swift */,
				7CDBBAEB2A17A80A005024D0 /* AddNotesView.swift */,
			);
			path = MyNotesView;
			sourceTree = "<group>";
		};
		7CB3B0DA2A2AC36500A57BDF /* MyNotesLocale */ = {
			isa = PBXGroup;
			children = (
				7CB3B0DB2A2AC38100A57BDF /* MyNotesLocale.swift */,
			);
			path = MyNotesLocale;
			sourceTree = "<group>";
		};
		7CD1EAC12A0B41A0006202D0 = {
			isa = PBXGroup;
			children = (
				7CD1EACC2A0B41A0006202D0 /* MyNotes */,
				7CD1EADD2A0B41A2006202D0 /* MyNotesTests */,
				7CD1EAE72A0B41A2006202D0 /* MyNotesUITests */,
				7CD1EACB2A0B41A0006202D0 /* Products */,
				4AEEA6BE92991206B3A37FA1 /* Pods */,
				CA3D2BC3C42B2F8B1C788B2F /* Frameworks */,
			);
			sourceTree = "<group>";
		};
		7CD1EACB2A0B41A0006202D0 /* Products */ = {
			isa = PBXGroup;
			children = (
				7CD1EACA2A0B41A0006202D0 /* MyNotes.app */,
				7CD1EADA2A0B41A2006202D0 /* MyNotesTests.xctest */,
				7CD1EAE42A0B41A2006202D0 /* MyNotesUITests.xctest */,
			);
			name = Products;
			sourceTree = "<group>";
		};
		7CD1EACC2A0B41A0006202D0 /* MyNotes */ = {
			isa = PBXGroup;
			children = (
				7CDCC9C92A2EB1BC00B87063 /* Startup */,
				7CB3B0DA2A2AC36500A57BDF /* MyNotesLocale */,
				7C461E6B2A0DEB400048BC9B /* Utils */,
				7C461E662A0DCE420048BC9B /* CustomViews */,
				7CFF22EE2A1304DC0066DCCC /* Model */,
				7CDBBAEA2A1730A9005024D0 /* View */,
				7C461E6E2A10606B0048BC9B /* ViewModel */,
				7C461E6F2A1063800048BC9B /* GoogleService-Info.plist */,
				7CD1EAD12A0B41A1006202D0 /* Assets.xcassets */,
				7CD1EAD32A0B41A1006202D0 /* Preview Content */,
			);
			path = MyNotes;
			sourceTree = "<group>";
		};
		7CD1EAD32A0B41A1006202D0 /* Preview Content */ = {
			isa = PBXGroup;
			children = (
				7CD1EAD42A0B41A1006202D0 /* Preview Assets.xcassets */,
			);
			path = "Preview Content";
			sourceTree = "<group>";
		};
		7CD1EADD2A0B41A2006202D0 /* MyNotesTests */ = {
			isa = PBXGroup;
			children = (
				7CD1EADE2A0B41A2006202D0 /* MyNotesTests.swift */,
				7CC41F7F2A2B8FCC004ACE3E /* AuthViewModelTests.swift */,
			);
			path = MyNotesTests;
			sourceTree = "<group>";
		};
		7CD1EAE72A0B41A2006202D0 /* MyNotesUITests */ = {
			isa = PBXGroup;
			children = (
				7CD1EAE82A0B41A2006202D0 /* MyNotesUITests.swift */,
				7CD1EAEA2A0B41A2006202D0 /* MyNotesUITestsLaunchTests.swift */,
			);
			path = MyNotesUITests;
			sourceTree = "<group>";
		};
		7CDBBAE92A173079005024D0 /* AuthView */ = {
			isa = PBXGroup;
			children = (
				7CFF883D2A1124EA00EAD9A7 /* RegisterUiView.swift */,
				7CD1EACF2A0B41A0006202D0 /* LoginView.swift */,
			);
			path = AuthView;
			sourceTree = "<group>";
		};
		7CDBBAEA2A1730A9005024D0 /* View */ = {
			isa = PBXGroup;
			children = (
				7C3786112A26C84E00FB6AE8 /* QrScanner */,
				7C461E762A10D6D60048BC9B /* MyNotesView */,
				7CDBBAE92A173079005024D0 /* AuthView */,
				7CD1EACD2A0B41A0006202D0 /* MyNotesApp.swift */,
			);
			path = View;
			sourceTree = "<group>";
		};
		7CDCC9C92A2EB1BC00B87063 /* Startup */ = {
			isa = PBXGroup;
			children = (
				7CDCC9CA2A2EB1D900B87063 /* AppDelegate.swift */,
				7CDCC9CC2A2EB1E500B87063 /* SceneDelegate.swift */,
			);
			path = Startup;
			sourceTree = "<group>";
		};
		7CFF22EE2A1304DC0066DCCC /* Model */ = {
			isa = PBXGroup;
			children = (
				7CFF22EF2A1304EC0066DCCC /* NotesModel.swift */,
			);
			path = Model;
			sourceTree = "<group>";
		};
		CA3D2BC3C42B2F8B1C788B2F /* Frameworks */ = {
			isa = PBXGroup;
			children = (
				494EF2638093DAA4CFA90264 /* Pods_MyNotes.framework */,
				50E727FEC48B34079469ACDE /* Pods_MyNotes_MyNotesUITests.framework */,
				C4C17B9F8AAE57C9F6B73C64 /* Pods_MyNotesTests.framework */,
			);
			name = Frameworks;
			sourceTree = "<group>";
		};
/* End PBXGroup section */

/* Begin PBXNativeTarget section */
		7CD1EAC92A0B41A0006202D0 /* MyNotes */ = {
			isa = PBXNativeTarget;
			buildConfigurationList = 7CD1EAEE2A0B41A2006202D0 /* Build configuration list for PBXNativeTarget "MyNotes" */;
			buildPhases = (
				1DEDE9E632261A80317565E9 /* [CP] Check Pods Manifest.lock */,
				7CD1EAC62A0B41A0006202D0 /* Sources */,
				7CD1EAC72A0B41A0006202D0 /* Frameworks */,
				7CD1EAC82A0B41A0006202D0 /* Resources */,
				1F685D68C663E9EFA2172DC4 /* [CP] Embed Pods Frameworks */,
			);
			buildRules = (
			);
			dependencies = (
			);
			name = MyNotes;
			productName = MyNotes;
			productReference = 7CD1EACA2A0B41A0006202D0 /* MyNotes.app */;
			productType = "com.apple.product-type.application";
		};
		7CD1EAD92A0B41A2006202D0 /* MyNotesTests */ = {
			isa = PBXNativeTarget;
			buildConfigurationList = 7CD1EAF12A0B41A2006202D0 /* Build configuration list for PBXNativeTarget "MyNotesTests" */;
			buildPhases = (
				60A3783F0244229C47DAD520 /* [CP] Check Pods Manifest.lock */,
				7CD1EAD62A0B41A2006202D0 /* Sources */,
				7CD1EAD72A0B41A2006202D0 /* Frameworks */,
				7CD1EAD82A0B41A2006202D0 /* Resources */,
			);
			buildRules = (
			);
			dependencies = (
				7CD1EADC2A0B41A2006202D0 /* PBXTargetDependency */,
			);
			name = MyNotesTests;
			productName = MyNotesTests;
			productReference = 7CD1EADA2A0B41A2006202D0 /* MyNotesTests.xctest */;
			productType = "com.apple.product-type.bundle.unit-test";
		};
		7CD1EAE32A0B41A2006202D0 /* MyNotesUITests */ = {
			isa = PBXNativeTarget;
			buildConfigurationList = 7CD1EAF42A0B41A2006202D0 /* Build configuration list for PBXNativeTarget "MyNotesUITests" */;
			buildPhases = (
				C21715C564DE235EB7F8C0A7 /* [CP] Check Pods Manifest.lock */,
				7CD1EAE02A0B41A2006202D0 /* Sources */,
				7CD1EAE12A0B41A2006202D0 /* Frameworks */,
				7CD1EAE22A0B41A2006202D0 /* Resources */,
				C88822A8DD91F8749676DF88 /* [CP] Embed Pods Frameworks */,
			);
			buildRules = (
			);
			dependencies = (
				7CD1EAE62A0B41A2006202D0 /* PBXTargetDependency */,
			);
			name = MyNotesUITests;
			productName = MyNotesUITests;
			productReference = 7CD1EAE42A0B41A2006202D0 /* MyNotesUITests.xctest */;
			productType = "com.apple.product-type.bundle.ui-testing";
		};
/* End PBXNativeTarget section */

/* Begin PBXProject section */
		7CD1EAC22A0B41A0006202D0 /* Project object */ = {
			isa = PBXProject;
			attributes = {
				BuildIndependentTargetsInParallel = 1;
				LastSwiftUpdateCheck = 1420;
				LastUpgradeCheck = 1420;
				TargetAttributes = {
					7CD1EAC92A0B41A0006202D0 = {
						CreatedOnToolsVersion = 14.2;
					};
					7CD1EAD92A0B41A2006202D0 = {
						CreatedOnToolsVersion = 14.2;
						TestTargetID = 7CD1EAC92A0B41A0006202D0;
					};
					7CD1EAE32A0B41A2006202D0 = {
						CreatedOnToolsVersion = 14.2;
						TestTargetID = 7CD1EAC92A0B41A0006202D0;
					};
				};
			};
			buildConfigurationList = 7CD1EAC52A0B41A0006202D0 /* Build configuration list for PBXProject "MyNotes" */;
			compatibilityVersion = "Xcode 14.0";
			developmentRegion = en;
			hasScannedForEncodings = 0;
			knownRegions = (
				en,
				Base,
			);
			mainGroup = 7CD1EAC12A0B41A0006202D0;
			productRefGroup = 7CD1EACB2A0B41A0006202D0 /* Products */;
			projectDirPath = "";
			projectRoot = "";
			targets = (
				7CD1EAC92A0B41A0006202D0 /* MyNotes */,
				7CD1EAD92A0B41A2006202D0 /* MyNotesTests */,
				7CD1EAE32A0B41A2006202D0 /* MyNotesUITests */,
			);
		};
/* End PBXProject section */

/* Begin PBXResourcesBuildPhase section */
		7CD1EAC82A0B41A0006202D0 /* Resources */ = {
			isa = PBXResourcesBuildPhase;
			buildActionMask = 2147483647;
			files = (
				7CD1EAD52A0B41A1006202D0 /* Preview Assets.xcassets in Resources */,
				7CD1EAD22A0B41A1006202D0 /* Assets.xcassets in Resources */,
				7C461E702A1063800048BC9B /* GoogleService-Info.plist in Resources */,
			);
			runOnlyForDeploymentPostprocessing = 0;
		};
		7CD1EAD82A0B41A2006202D0 /* Resources */ = {
			isa = PBXResourcesBuildPhase;
			buildActionMask = 2147483647;
			files = (
			);
			runOnlyForDeploymentPostprocessing = 0;
		};
		7CD1EAE22A0B41A2006202D0 /* Resources */ = {
			isa = PBXResourcesBuildPhase;
			buildActionMask = 2147483647;
			files = (
			);
			runOnlyForDeploymentPostprocessing = 0;
		};
/* End PBXResourcesBuildPhase section */

/* Begin PBXShellScriptBuildPhase section */
		1DEDE9E632261A80317565E9 /* [CP] Check Pods Manifest.lock */ = {
			isa = PBXShellScriptBuildPhase;
			buildActionMask = 2147483647;
			files = (
			);
			inputFileListPaths = (
			);
			inputPaths = (
				"${PODS_PODFILE_DIR_PATH}/Podfile.lock",
				"${PODS_ROOT}/Manifest.lock",
			);
			name = "[CP] Check Pods Manifest.lock";
			outputFileListPaths = (
			);
			outputPaths = (
				"$(DERIVED_FILE_DIR)/Pods-MyNotes-checkManifestLockResult.txt",
			);
			runOnlyForDeploymentPostprocessing = 0;
			shellPath = /bin/sh;
			shellScript = "diff \"${PODS_PODFILE_DIR_PATH}/Podfile.lock\" \"${PODS_ROOT}/Manifest.lock\" > /dev/null\nif [ $? != 0 ] ; then\n    # print error to STDERR\n    echo \"error: The sandbox is not in sync with the Podfile.lock. Run 'pod install' or update your CocoaPods installation.\" >&2\n    exit 1\nfi\n# This output is used by Xcode 'outputs' to avoid re-running this script phase.\necho \"SUCCESS\" > \"${SCRIPT_OUTPUT_FILE_0}\"\n";
			showEnvVarsInLog = 0;
		};
		1F685D68C663E9EFA2172DC4 /* [CP] Embed Pods Frameworks */ = {
			isa = PBXShellScriptBuildPhase;
			buildActionMask = 2147483647;
			files = (
			);
			inputFileListPaths = (
				"${PODS_ROOT}/Target Support Files/Pods-MyNotes/Pods-MyNotes-frameworks-${CONFIGURATION}-input-files.xcfilelist",
			);
			name = "[CP] Embed Pods Frameworks";
			outputFileListPaths = (
				"${PODS_ROOT}/Target Support Files/Pods-MyNotes/Pods-MyNotes-frameworks-${CONFIGURATION}-output-files.xcfilelist",
			);
			runOnlyForDeploymentPostprocessing = 0;
			shellPath = /bin/sh;
			shellScript = "\"${PODS_ROOT}/Target Support Files/Pods-MyNotes/Pods-MyNotes-frameworks.sh\"\n";
			showEnvVarsInLog = 0;
		};
		60A3783F0244229C47DAD520 /* [CP] Check Pods Manifest.lock */ = {
			isa = PBXShellScriptBuildPhase;
			buildActionMask = 2147483647;
			files = (
			);
			inputFileListPaths = (
			);
			inputPaths = (
				"${PODS_PODFILE_DIR_PATH}/Podfile.lock",
				"${PODS_ROOT}/Manifest.lock",
			);
			name = "[CP] Check Pods Manifest.lock";
			outputFileListPaths = (
			);
			outputPaths = (
				"$(DERIVED_FILE_DIR)/Pods-MyNotesTests-checkManifestLockResult.txt",
			);
			runOnlyForDeploymentPostprocessing = 0;
			shellPath = /bin/sh;
			shellScript = "diff \"${PODS_PODFILE_DIR_PATH}/Podfile.lock\" \"${PODS_ROOT}/Manifest.lock\" > /dev/null\nif [ $? != 0 ] ; then\n    # print error to STDERR\n    echo \"error: The sandbox is not in sync with the Podfile.lock. Run 'pod install' or update your CocoaPods installation.\" >&2\n    exit 1\nfi\n# This output is used by Xcode 'outputs' to avoid re-running this script phase.\necho \"SUCCESS\" > \"${SCRIPT_OUTPUT_FILE_0}\"\n";
			showEnvVarsInLog = 0;
		};
		C21715C564DE235EB7F8C0A7 /* [CP] Check Pods Manifest.lock */ = {
			isa = PBXShellScriptBuildPhase;
			buildActionMask = 2147483647;
			files = (
			);
			inputFileListPaths = (
			);
			inputPaths = (
				"${PODS_PODFILE_DIR_PATH}/Podfile.lock",
				"${PODS_ROOT}/Manifest.lock",
			);
			name = "[CP] Check Pods Manifest.lock";
			outputFileListPaths = (
			);
			outputPaths = (
				"$(DERIVED_FILE_DIR)/Pods-MyNotes-MyNotesUITests-checkManifestLockResult.txt",
			);
			runOnlyForDeploymentPostprocessing = 0;
			shellPath = /bin/sh;
			shellScript = "diff \"${PODS_PODFILE_DIR_PATH}/Podfile.lock\" \"${PODS_ROOT}/Manifest.lock\" > /dev/null\nif [ $? != 0 ] ; then\n    # print error to STDERR\n    echo \"error: The sandbox is not in sync with the Podfile.lock. Run 'pod install' or update your CocoaPods installation.\" >&2\n    exit 1\nfi\n# This output is used by Xcode 'outputs' to avoid re-running this script phase.\necho \"SUCCESS\" > \"${SCRIPT_OUTPUT_FILE_0}\"\n";
			showEnvVarsInLog = 0;
		};
		C88822A8DD91F8749676DF88 /* [CP] Embed Pods Frameworks */ = {
			isa = PBXShellScriptBuildPhase;
			buildActionMask = 2147483647;
			files = (
			);
			inputFileListPaths = (
				"${PODS_ROOT}/Target Support Files/Pods-MyNotes-MyNotesUITests/Pods-MyNotes-MyNotesUITests-frameworks-${CONFIGURATION}-input-files.xcfilelist",
			);
			name = "[CP] Embed Pods Frameworks";
			outputFileListPaths = (
				"${PODS_ROOT}/Target Support Files/Pods-MyNotes-MyNotesUITests/Pods-MyNotes-MyNotesUITests-frameworks-${CONFIGURATION}-output-files.xcfilelist",
			);
			runOnlyForDeploymentPostprocessing = 0;
			shellPath = /bin/sh;
			shellScript = "\"${PODS_ROOT}/Target Support Files/Pods-MyNotes-MyNotesUITests/Pods-MyNotes-MyNotesUITests-frameworks.sh\"\n";
			showEnvVarsInLog = 0;
		};
/* End PBXShellScriptBuildPhase section */

/* Begin PBXSourcesBuildPhase section */
		7CD1EAC62A0B41A0006202D0 /* Sources */ = {
			isa = PBXSourcesBuildPhase;
			buildActionMask = 2147483647;
			files = (
				7C3786152A26C91100FB6AE8 /* QrScannerView.swift in Sources */,
				7C461E6A2A0DDC7F0048BC9B /* CustomSecureField.swift in Sources */,
				7CB3B0D92A2AC32E00A57BDF /* LocaleViewModel.swift in Sources */,
				7CFF22F02A1304EC0066DCCC /* NotesModel.swift in Sources */,
				7C461E782A10D6E80048BC9B /* MyNotesView.swift in Sources */,
				7CB3B0DC2A2AC38100A57BDF /* MyNotesLocale.swift in Sources */,
				7CFF22ED2A1301DB0066DCCC /* DataViewModel.swift in Sources */,
				7CDCC9CD2A2EB1E500B87063 /* SceneDelegate.swift in Sources */,
				7CD1EAD02A0B41A0006202D0 /* LoginView.swift in Sources */,
				7C461E752A1065920048BC9B /* AuthViewModel.swift in Sources */,
				7C43680F2A2D6ADB00517077 /* TextEditorUsingUikit.swift in Sources */,
				7C7E11D82A2769E3008E57CE /* QrScannerDelegate.swift in Sources */,
				7CDBBAEE2A17C6A4005024D0 /* CustomTextEditor.swift in Sources */,
				7CD1EACE2A0B41A0006202D0 /* MyNotesApp.swift in Sources */,
				7CFF883E2A1124EA00EAD9A7 /* RegisterUiView.swift in Sources */,
				7C5579EC2A2F1B35008B6A0E /* ActivityIndicatorUikit.swift in Sources */,
				7C461E682A0DCE570048BC9B /* CustomTextField.swift in Sources */,
				7C3280CA2A1467C9008B2BCE /* FloatingActionButton.swift in Sources */,
				7CDBBAF02A17CBF1005024D0 /* ShowProgressView.swift in Sources */,
				7CDBBAEC2A17A80A005024D0 /* AddNotesView.swift in Sources */,
				7CDCC9CB2A2EB1D900B87063 /* AppDelegate.swift in Sources */,
				7C461E6D2A0DEB590048BC9B /* Validators.swift in Sources */,
				7C7E11D62A274CDF008E57CE /* CameraView.swift in Sources */,
			);
			runOnlyForDeploymentPostprocessing = 0;
		};
		7CD1EAD62A0B41A2006202D0 /* Sources */ = {
			isa = PBXSourcesBuildPhase;
			buildActionMask = 2147483647;
			files = (
				7CC41F802A2B8FCC004ACE3E /* AuthViewModelTests.swift in Sources */,
				7CD1EADF2A0B41A2006202D0 /* MyNotesTests.swift in Sources */,
			);
			runOnlyForDeploymentPostprocessing = 0;
		};
		7CD1EAE02A0B41A2006202D0 /* Sources */ = {
			isa = PBXSourcesBuildPhase;
			buildActionMask = 2147483647;
			files = (
				7CD1EAEB2A0B41A2006202D0 /* MyNotesUITestsLaunchTests.swift in Sources */,
				7CD1EAE92A0B41A2006202D0 /* MyNotesUITests.swift in Sources */,
			);
			runOnlyForDeploymentPostprocessing = 0;
		};
/* End PBXSourcesBuildPhase section */

/* Begin PBXTargetDependency section */
		7CD1EADC2A0B41A2006202D0 /* PBXTargetDependency */ = {
			isa = PBXTargetDependency;
			target = 7CD1EAC92A0B41A0006202D0 /* MyNotes */;
			targetProxy = 7CD1EADB2A0B41A2006202D0 /* PBXContainerItemProxy */;
		};
		7CD1EAE62A0B41A2006202D0 /* PBXTargetDependency */ = {
			isa = PBXTargetDependency;
			target = 7CD1EAC92A0B41A0006202D0 /* MyNotes */;
			targetProxy = 7CD1EAE52A0B41A2006202D0 /* PBXContainerItemProxy */;
		};
/* End PBXTargetDependency section */

/* Begin XCBuildConfiguration section */
		7CD1EAEC2A0B41A2006202D0 /* Debug */ = {
			isa = XCBuildConfiguration;
			buildSettings = {
				ALWAYS_SEARCH_USER_PATHS = NO;
				CLANG_ANALYZER_NONNULL = YES;
				CLANG_ANALYZER_NUMBER_OBJECT_CONVERSION = YES_AGGRESSIVE;
				CLANG_CXX_LANGUAGE_STANDARD = "gnu++20";
				CLANG_ENABLE_MODULES = YES;
				CLANG_ENABLE_OBJC_ARC = YES;
				CLANG_ENABLE_OBJC_WEAK = YES;
				CLANG_WARN_BLOCK_CAPTURE_AUTORELEASING = YES;
				CLANG_WARN_BOOL_CONVERSION = YES;
				CLANG_WARN_COMMA = YES;
				CLANG_WARN_CONSTANT_CONVERSION = YES;
				CLANG_WARN_DEPRECATED_OBJC_IMPLEMENTATIONS = YES;
				CLANG_WARN_DIRECT_OBJC_ISA_USAGE = YES_ERROR;
				CLANG_WARN_DOCUMENTATION_COMMENTS = YES;
				CLANG_WARN_EMPTY_BODY = YES;
				CLANG_WARN_ENUM_CONVERSION = YES;
				CLANG_WARN_INFINITE_RECURSION = YES;
				CLANG_WARN_INT_CONVERSION = YES;
				CLANG_WARN_NON_LITERAL_NULL_CONVERSION = YES;
				CLANG_WARN_OBJC_IMPLICIT_RETAIN_SELF = YES;
				CLANG_WARN_OBJC_LITERAL_CONVERSION = YES;
				CLANG_WARN_OBJC_ROOT_CLASS = YES_ERROR;
				CLANG_WARN_QUOTED_INCLUDE_IN_FRAMEWORK_HEADER = YES;
				CLANG_WARN_RANGE_LOOP_ANALYSIS = YES;
				CLANG_WARN_STRICT_PROTOTYPES = YES;
				CLANG_WARN_SUSPICIOUS_MOVE = YES;
				CLANG_WARN_UNGUARDED_AVAILABILITY = YES_AGGRESSIVE;
				CLANG_WARN_UNREACHABLE_CODE = YES;
				CLANG_WARN__DUPLICATE_METHOD_MATCH = YES;
				COPY_PHASE_STRIP = NO;
				DEBUG_INFORMATION_FORMAT = dwarf;
				ENABLE_STRICT_OBJC_MSGSEND = YES;
				ENABLE_TESTABILITY = YES;
				GCC_C_LANGUAGE_STANDARD = gnu11;
				GCC_DYNAMIC_NO_PIC = NO;
				GCC_NO_COMMON_BLOCKS = YES;
				GCC_OPTIMIZATION_LEVEL = 0;
				GCC_PREPROCESSOR_DEFINITIONS = (
					"DEBUG=1",
					"$(inherited)",
				);
				GCC_WARN_64_TO_32_BIT_CONVERSION = YES;
				GCC_WARN_ABOUT_RETURN_TYPE = YES_ERROR;
				GCC_WARN_UNDECLARED_SELECTOR = YES;
				GCC_WARN_UNINITIALIZED_AUTOS = YES_AGGRESSIVE;
				GCC_WARN_UNUSED_FUNCTION = YES;
				GCC_WARN_UNUSED_VARIABLE = YES;
				IPHONEOS_DEPLOYMENT_TARGET = 16.2;
				MTL_ENABLE_DEBUG_INFO = INCLUDE_SOURCE;
				MTL_FAST_MATH = YES;
				ONLY_ACTIVE_ARCH = YES;
				SDKROOT = iphoneos;
				SWIFT_ACTIVE_COMPILATION_CONDITIONS = DEBUG;
				SWIFT_OPTIMIZATION_LEVEL = "-Onone";
			};
			name = Debug;
		};
		7CD1EAED2A0B41A2006202D0 /* Release */ = {
			isa = XCBuildConfiguration;
			buildSettings = {
				ALWAYS_SEARCH_USER_PATHS = NO;
				CLANG_ANALYZER_NONNULL = YES;
				CLANG_ANALYZER_NUMBER_OBJECT_CONVERSION = YES_AGGRESSIVE;
				CLANG_CXX_LANGUAGE_STANDARD = "gnu++20";
				CLANG_ENABLE_MODULES = YES;
				CLANG_ENABLE_OBJC_ARC = YES;
				CLANG_ENABLE_OBJC_WEAK = YES;
				CLANG_WARN_BLOCK_CAPTURE_AUTORELEASING = YES;
				CLANG_WARN_BOOL_CONVERSION = YES;
				CLANG_WARN_COMMA = YES;
				CLANG_WARN_CONSTANT_CONVERSION = YES;
				CLANG_WARN_DEPRECATED_OBJC_IMPLEMENTATIONS = YES;
				CLANG_WARN_DIRECT_OBJC_ISA_USAGE = YES_ERROR;
				CLANG_WARN_DOCUMENTATION_COMMENTS = YES;
				CLANG_WARN_EMPTY_BODY = YES;
				CLANG_WARN_ENUM_CONVERSION = YES;
				CLANG_WARN_INFINITE_RECURSION = YES;
				CLANG_WARN_INT_CONVERSION = YES;
				CLANG_WARN_NON_LITERAL_NULL_CONVERSION = YES;
				CLANG_WARN_OBJC_IMPLICIT_RETAIN_SELF = YES;
				CLANG_WARN_OBJC_LITERAL_CONVERSION = YES;
				CLANG_WARN_OBJC_ROOT_CLASS = YES_ERROR;
				CLANG_WARN_QUOTED_INCLUDE_IN_FRAMEWORK_HEADER = YES;
				CLANG_WARN_RANGE_LOOP_ANALYSIS = YES;
				CLANG_WARN_STRICT_PROTOTYPES = YES;
				CLANG_WARN_SUSPICIOUS_MOVE = YES;
				CLANG_WARN_UNGUARDED_AVAILABILITY = YES_AGGRESSIVE;
				CLANG_WARN_UNREACHABLE_CODE = YES;
				CLANG_WARN__DUPLICATE_METHOD_MATCH = YES;
				COPY_PHASE_STRIP = NO;
				DEBUG_INFORMATION_FORMAT = "dwarf-with-dsym";
				ENABLE_NS_ASSERTIONS = NO;
				ENABLE_STRICT_OBJC_MSGSEND = YES;
				GCC_C_LANGUAGE_STANDARD = gnu11;
				GCC_NO_COMMON_BLOCKS = YES;
				GCC_WARN_64_TO_32_BIT_CONVERSION = YES;
				GCC_WARN_ABOUT_RETURN_TYPE = YES_ERROR;
				GCC_WARN_UNDECLARED_SELECTOR = YES;
				GCC_WARN_UNINITIALIZED_AUTOS = YES_AGGRESSIVE;
				GCC_WARN_UNUSED_FUNCTION = YES;
				GCC_WARN_UNUSED_VARIABLE = YES;
				IPHONEOS_DEPLOYMENT_TARGET = 16.2;
				MTL_ENABLE_DEBUG_INFO = NO;
				MTL_FAST_MATH = YES;
				SDKROOT = iphoneos;
				SWIFT_COMPILATION_MODE = wholemodule;
				SWIFT_OPTIMIZATION_LEVEL = "-O";
				VALIDATE_PRODUCT = YES;
			};
			name = Release;
		};
		7CD1EAEF2A0B41A2006202D0 /* Debug */ = {
			isa = XCBuildConfiguration;
			baseConfigurationReference = CE69E7CF01B4FE4ACF3F4901 /* Pods-MyNotes.debug.xcconfig */;
			buildSettings = {
				ASSETCATALOG_COMPILER_APPICON_NAME = AppIcon;
				ASSETCATALOG_COMPILER_GLOBAL_ACCENT_COLOR_NAME = AccentColor;
				CODE_SIGN_STYLE = Automatic;
				CURRENT_PROJECT_VERSION = 1;
				DEVELOPMENT_ASSET_PATHS = "\"MyNotes/Preview Content\"";
				DEVELOPMENT_TEAM = 875CF8M6S9;
				ENABLE_PREVIEWS = YES;
				GENERATE_INFOPLIST_FILE = YES;
				INFOPLIST_KEY_NSCameraUsageDescription = "";
				INFOPLIST_KEY_UIApplicationSceneManifest_Generation = YES;
				INFOPLIST_KEY_UIApplicationSupportsIndirectInputEvents = YES;
				INFOPLIST_KEY_UILaunchScreen_Generation = YES;
				INFOPLIST_KEY_UISupportedInterfaceOrientations_iPad = "UIInterfaceOrientationPortrait UIInterfaceOrientationPortraitUpsideDown UIInterfaceOrientationLandscapeLeft UIInterfaceOrientationLandscapeRight";
				INFOPLIST_KEY_UISupportedInterfaceOrientations_iPhone = "UIInterfaceOrientationPortrait UIInterfaceOrientationLandscapeLeft UIInterfaceOrientationLandscapeRight";
				IPHONEOS_DEPLOYMENT_TARGET = 13.0;
				LD_RUNPATH_SEARCH_PATHS = (
					"$(inherited)",
					"@executable_path/Frameworks",
				);
				MARKETING_VERSION = 1.0;
				PRODUCT_BUNDLE_IDENTIFIER = none.MyNotes;
				PRODUCT_NAME = "$(TARGET_NAME)";
				SWIFT_EMIT_LOC_STRINGS = YES;
				SWIFT_VERSION = 5.0;
				TARGETED_DEVICE_FAMILY = "1,2";
			};
			name = Debug;
		};
		7CD1EAF02A0B41A2006202D0 /* Release */ = {
			isa = XCBuildConfiguration;
			baseConfigurationReference = D9A37708943EE17DD804ABFA /* Pods-MyNotes.release.xcconfig */;
			buildSettings = {
				ASSETCATALOG_COMPILER_APPICON_NAME = AppIcon;
				ASSETCATALOG_COMPILER_GLOBAL_ACCENT_COLOR_NAME = AccentColor;
				CODE_SIGN_STYLE = Automatic;
				CURRENT_PROJECT_VERSION = 1;
				DEVELOPMENT_ASSET_PATHS = "\"MyNotes/Preview Content\"";
				DEVELOPMENT_TEAM = 875CF8M6S9;
				ENABLE_PREVIEWS = YES;
				GENERATE_INFOPLIST_FILE = YES;
				INFOPLIST_KEY_NSCameraUsageDescription = "";
				INFOPLIST_KEY_UIApplicationSceneManifest_Generation = YES;
				INFOPLIST_KEY_UIApplicationSupportsIndirectInputEvents = YES;
				INFOPLIST_KEY_UILaunchScreen_Generation = YES;
				INFOPLIST_KEY_UISupportedInterfaceOrientations_iPad = "UIInterfaceOrientationPortrait UIInterfaceOrientationPortraitUpsideDown UIInterfaceOrientationLandscapeLeft UIInterfaceOrientationLandscapeRight";
				INFOPLIST_KEY_UISupportedInterfaceOrientations_iPhone = "UIInterfaceOrientationPortrait UIInterfaceOrientationLandscapeLeft UIInterfaceOrientationLandscapeRight";
				IPHONEOS_DEPLOYMENT_TARGET = 13.0;
				LD_RUNPATH_SEARCH_PATHS = (
					"$(inherited)",
					"@executable_path/Frameworks",
				);
				MARKETING_VERSION = 1.0;
				PRODUCT_BUNDLE_IDENTIFIER = none.MyNotes;
				PRODUCT_NAME = "$(TARGET_NAME)";
				SWIFT_EMIT_LOC_STRINGS = YES;
				SWIFT_VERSION = 5.0;
				TARGETED_DEVICE_FAMILY = "1,2";
			};
			name = Release;
		};
		7CD1EAF22A0B41A2006202D0 /* Debug */ = {
			isa = XCBuildConfiguration;
			baseConfigurationReference = 81D921EBCBDD1EB2E9519DEA /* Pods-MyNotesTests.debug.xcconfig */;
			buildSettings = {
				ALWAYS_EMBED_SWIFT_STANDARD_LIBRARIES = YES;
				BUNDLE_LOADER = "$(TEST_HOST)";
				CODE_SIGN_STYLE = Automatic;
				CURRENT_PROJECT_VERSION = 1;
				GENERATE_INFOPLIST_FILE = YES;
				IPHONEOS_DEPLOYMENT_TARGET = 16.2;
				MARKETING_VERSION = 1.0;
				PRODUCT_BUNDLE_IDENTIFIER = none.MyNotesTests;
				PRODUCT_NAME = "$(TARGET_NAME)";
				SWIFT_EMIT_LOC_STRINGS = NO;
				SWIFT_VERSION = 5.0;
				TARGETED_DEVICE_FAMILY = "1,2";
				TEST_HOST = "$(BUILT_PRODUCTS_DIR)/MyNotes.app/$(BUNDLE_EXECUTABLE_FOLDER_PATH)/MyNotes";
			};
			name = Debug;
		};
		7CD1EAF32A0B41A2006202D0 /* Release */ = {
			isa = XCBuildConfiguration;
			baseConfigurationReference = 94D1546E660E5B406F32F5E6 /* Pods-MyNotesTests.release.xcconfig */;
			buildSettings = {
				ALWAYS_EMBED_SWIFT_STANDARD_LIBRARIES = YES;
				BUNDLE_LOADER = "$(TEST_HOST)";
				CODE_SIGN_STYLE = Automatic;
				CURRENT_PROJECT_VERSION = 1;
				GENERATE_INFOPLIST_FILE = YES;
				IPHONEOS_DEPLOYMENT_TARGET = 16.2;
				MARKETING_VERSION = 1.0;
				PRODUCT_BUNDLE_IDENTIFIER = none.MyNotesTests;
				PRODUCT_NAME = "$(TARGET_NAME)";
				SWIFT_EMIT_LOC_STRINGS = NO;
				SWIFT_VERSION = 5.0;
				TARGETED_DEVICE_FAMILY = "1,2";
				TEST_HOST = "$(BUILT_PRODUCTS_DIR)/MyNotes.app/$(BUNDLE_EXECUTABLE_FOLDER_PATH)/MyNotes";
			};
			name = Release;
		};
		7CD1EAF52A0B41A2006202D0 /* Debug */ = {
			isa = XCBuildConfiguration;
			baseConfigurationReference = F0E8B3FB7FF43F1892781B7C /* Pods-MyNotes-MyNotesUITests.debug.xcconfig */;
			buildSettings = {
				ALWAYS_EMBED_SWIFT_STANDARD_LIBRARIES = YES;
				CODE_SIGN_STYLE = Automatic;
				CURRENT_PROJECT_VERSION = 1;
				GENERATE_INFOPLIST_FILE = YES;
				MARKETING_VERSION = 1.0;
				PRODUCT_BUNDLE_IDENTIFIER = none.MyNotesUITests;
				PRODUCT_NAME = "$(TARGET_NAME)";
				SWIFT_EMIT_LOC_STRINGS = NO;
				SWIFT_VERSION = 5.0;
				TARGETED_DEVICE_FAMILY = "1,2";
				TEST_TARGET_NAME = MyNotes;
			};
			name = Debug;
		};
		7CD1EAF62A0B41A2006202D0 /* Release */ = {
			isa = XCBuildConfiguration;
			baseConfigurationReference = 676E5DECF00B19576B869D2F /* Pods-MyNotes-MyNotesUITests.release.xcconfig */;
			buildSettings = {
				ALWAYS_EMBED_SWIFT_STANDARD_LIBRARIES = YES;
				CODE_SIGN_STYLE = Automatic;
				CURRENT_PROJECT_VERSION = 1;
				GENERATE_INFOPLIST_FILE = YES;
				MARKETING_VERSION = 1.0;
				PRODUCT_BUNDLE_IDENTIFIER = none.MyNotesUITests;
				PRODUCT_NAME = "$(TARGET_NAME)";
				SWIFT_EMIT_LOC_STRINGS = NO;
				SWIFT_VERSION = 5.0;
				TARGETED_DEVICE_FAMILY = "1,2";
				TEST_TARGET_NAME = MyNotes;
			};
			name = Release;
		};
/* End XCBuildConfiguration section */

/* Begin XCConfigurationList section */
		7CD1EAC52A0B41A0006202D0 /* Build configuration list for PBXProject "MyNotes" */ = {
			isa = XCConfigurationList;
			buildConfigurations = (
				7CD1EAEC2A0B41A2006202D0 /* Debug */,
				7CD1EAED2A0B41A2006202D0 /* Release */,
			);
			defaultConfigurationIsVisible = 0;
			defaultConfigurationName = Release;
		};
		7CD1EAEE2A0B41A2006202D0 /* Build configuration list for PBXNativeTarget "MyNotes" */ = {
			isa = XCConfigurationList;
			buildConfigurations = (
				7CD1EAEF2A0B41A2006202D0 /* Debug */,
				7CD1EAF02A0B41A2006202D0 /* Release */,
			);
			defaultConfigurationIsVisible = 0;
			defaultConfigurationName = Release;
		};
		7CD1EAF12A0B41A2006202D0 /* Build configuration list for PBXNativeTarget "MyNotesTests" */ = {
			isa = XCConfigurationList;
			buildConfigurations = (
				7CD1EAF22A0B41A2006202D0 /* Debug */,
				7CD1EAF32A0B41A2006202D0 /* Release */,
			);
			defaultConfigurationIsVisible = 0;
			defaultConfigurationName = Release;
		};
		7CD1EAF42A0B41A2006202D0 /* Build configuration list for PBXNativeTarget "MyNotesUITests" */ = {
			isa = XCConfigurationList;
			buildConfigurations = (
				7CD1EAF52A0B41A2006202D0 /* Debug */,
				7CD1EAF62A0B41A2006202D0 /* Release */,
			);
			defaultConfigurationIsVisible = 0;
			defaultConfigurationName = Release;
		};
/* End XCConfigurationList section */
	};
	rootObject = 7CD1EAC22A0B41A0006202D0 /* Project object */;
}
